
Microsoft Visual Studio Solution File, Format Version 12.00
# Visual Studio Version 17
VisualStudioVersion = 17.5.33424.131
MinimumVisualStudioVersion = 10.0.40219.1
Project("{9A19103F-16F7-4668-BE54-9A1E7A4F7556}") = "UiDesktopApp1", "UiDesktopApp1.csproj", "{6C34CD1F-6D68-483A-990B-2B8B706EA306}"
EndProject
Project("{9A19103F-16F7-4668-BE54-9A1E7A4F7556}") = "Updater", "C:\Users\night\source\repos\Updater\Updater.csproj", "{E012327C-321B-4232-960B-FFE567067EC8}"
EndProject
Global
	GlobalSection(SolutionConfigurationPlatforms) = preSolution
		Debug|Any CPU = Debug|Any CPU
		Release|Any CPU = Release|Any CPU
	EndGlobalSection
	GlobalSection(ProjectConfigurationPlatforms) = postSolution
		{6C34CD1F-6D68-483A-990B-2B8B706EA306}.Debug|Any CPU.ActiveCfg = Debug|Any CPU
		{6C34CD1F-6D68-483A-990B-2B8B706EA306}.Debug|Any CPU.Build.0 = Debug|Any CPU
		{6C34CD1F-6D68-483A-990B-2B8B706EA306}.Release|Any CPU.ActiveCfg = Release|Any CPU
		{6C34CD1F-6D68-483A-990B-2B8B706EA306}.Release|Any CPU.Build.0 = Release|Any CPU
		{E012327C-321B-4232-960B-FFE567067EC8}.Debug|Any CPU.ActiveCfg = Debug|Any CPU
		{E012327C-321B-4232-960B-FFE567067EC8}.Debug|Any CPU.Build.0 = Debug|Any CPU
		{E012327C-321B-4232-960B-FFE567067EC8}.Release|Any CPU.ActiveCfg = Release|Any CPU
		{E012327C-321B-4232-960B-FFE567067EC8}.Release|Any CPU.Build.0 = Release|Any CPU
	EndGlobalSection
	GlobalSection(SolutionProperties) = preSolution
		HideSolutionNode = FALSE
	EndGlobalSection
	GlobalSection(ExtensibilityGlobals) = postSolution
		SolutionGuid = {394CEDB2-C40C-4AD8-82D6-09092A3D85CC}
	EndGlobalSection
EndGlobal
